
Microsoft Visual Studio Solution File, Format Version 12.00
Project("{FAE04EC0-301F-11D3-BF4B-00C04F79EFBC}") = "Application", "Application\Application.csproj", "{02F29413-D444-4FCC-9EF9-B698F40494E8}"
EndProject
Project("{FAE04EC0-301F-11D3-BF4B-00C04F79EFBC}") = "ThirdParty", "ThirdParty\ThirdParty.csproj", "{5B75B48B-005C-4F71-88A6-B4326AAB4083}"
EndProject
Project("{FAE04EC0-301F-11D3-BF4B-00C04F79EFBC}") = "Benchmark", "Benchmark\Benchmark.csproj", "{3CD8BBBB-DAD5-4E09-A33A-647ADCC4FAA9}"
EndProject
Global
	GlobalSection(SolutionConfigurationPlatforms) = preSolution
		Debug|Any CPU = Debug|Any CPU
		Release|Any CPU = Release|Any CPU
	EndGlobalSection
	GlobalSection(ProjectConfigurationPlatforms) = postSolution
		{02F29413-D444-4FCC-9EF9-B698F40494E8}.Debug|Any CPU.ActiveCfg = Debug|Any CPU
		{02F29413-D444-4FCC-9EF9-B698F40494E8}.Debug|Any CPU.Build.0 = Debug|Any CPU
		{02F29413-D444-4FCC-9EF9-B698F40494E8}.Release|Any CPU.ActiveCfg = Release|Any CPU
		{02F29413-D444-4FCC-9EF9-B698F40494E8}.Release|Any CPU.Build.0 = Release|Any CPU
		{5B75B48B-005C-4F71-88A6-B4326AAB4083}.Debug|Any CPU.ActiveCfg = Debug|Any CPU
		{5B75B48B-005C-4F71-88A6-B4326AAB4083}.Debug|Any CPU.Build.0 = Debug|Any CPU
		{5B75B48B-005C-4F71-88A6-B4326AAB4083}.Release|Any CPU.ActiveCfg = Release|Any CPU
		{5B75B48B-005C-4F71-88A6-B4326AAB4083}.Release|Any CPU.Build.0 = Release|Any CPU
		{3CD8BBBB-DAD5-4E09-A33A-647ADCC4FAA9}.Debug|Any CPU.ActiveCfg = Debug|Any CPU
		{3CD8BBBB-DAD5-4E09-A33A-647ADCC4FAA9}.Debug|Any CPU.Build.0 = Debug|Any CPU
		{3CD8BBBB-DAD5-4E09-A33A-647ADCC4FAA9}.Release|Any CPU.ActiveCfg = Release|Any CPU
		{3CD8BBBB-DAD5-4E09-A33A-647ADCC4FAA9}.Release|Any CPU.Build.0 = Release|Any CPU
	EndGlobalSection
	GlobalSection(NestedProjects) = preSolution
	EndGlobalSection
EndGlobal
